# This file was autogenerated by Stack.
# You should not edit this file by hand.
# For more information, please see the documentation at:
#   https://docs.haskellstack.org/en/stable/lock_files

packages:
- completed:
    name: hakyll-diagrams
    version: 0.1.0.0
    git: https://github.com/silky/hakyll-diagrams.git
    pantry-tree:
      size: 415
      sha256: 0c74444b25882746bb86ea5c761de8af9d1020a0725b0a89ad88dcbfedcb08f7
    commit: 72936d978f08e638d1d845fc113401095db12bad
  original:
    git: https://github.com/silky/hakyll-diagrams.git
    commit: 72936d978f08e638d1d845fc113401095db12bad
- completed:
    name: diagrams-pandoc
    version: 0.4.0.0
    git: https://github.com/silky/diagrams-pandoc.git
    pantry-tree:
      size: 796
      sha256: f085994af231ac01fd7f8b077775ffcb9049b8c226909885ee298ba20a6af809
    commit: 8bbf3811f9353e119df64f739ccfa5a1e7edfb2a
  original:
    git: https://github.com/silky/diagrams-pandoc.git
    commit: 8bbf3811f9353e119df64f739ccfa5a1e7edfb2a
snapshots:
- completed:
    size: 509471
    url: https://raw.githubusercontent.com/commercialhaskell/stackage-snapshots/master/lts/12/26.yaml
    sha256: 95f014df58d0679b1c4a2b7bf2b652b61da8d30de5f571abb0d59015ef678646
  original: lts-12.26
