# This file was autogenerated by Stack.
# You should not edit this file by hand.
# For more information, please see the documentation at:
#   https://docs.haskellstack.org/en/stable/lock_files

packages:
- completed:
    cabal-file:
      size: 955
      sha256: da24a26be9ee1b0069c17edaa55e55cc305c6d946a0c9373f85606c739c78b26
    name: hakyll-diagrams
    version: 0.1.0.0
    git: https://github.com/silky/hakyll-diagrams.git
    pantry-tree:
      size: 415
      sha256: 0c74444b25882746bb86ea5c761de8af9d1020a0725b0a89ad88dcbfedcb08f7
    commit: 72936d978f08e638d1d845fc113401095db12bad
  original:
    git: https://github.com/silky/hakyll-diagrams.git
    commit: 72936d978f08e638d1d845fc113401095db12bad
- completed:
    cabal-file:
      size: 2090
      sha256: e414d051f8fd9fb964ce32a03662762a6a30113732f56e3716f980089e155d13
    name: diagrams-pandoc
    version: 0.4.0.0
    git: https://github.com/silky/diagrams-pandoc.git
    pantry-tree:
      size: 796
      sha256: f085994af231ac01fd7f8b077775ffcb9049b8c226909885ee298ba20a6af809
    commit: 8bbf3811f9353e119df64f739ccfa5a1e7edfb2a
  original:
    git: https://github.com/silky/diagrams-pandoc.git
    commit: 8bbf3811f9353e119df64f739ccfa5a1e7edfb2a
snapshots:
- completed:
    size: 469297
    url: https://raw.githubusercontent.com/commercialhaskell/stackage-snapshots/master/lts/8/0.yaml
    sha256: 22753d16b9061a0aa354ae300cfe471ae7821b44350e004ade671039bfd03e7d
  original: lts-8.0
